lockfileVersion: '9.0'

settings:
  autoInstallPeers: true
  excludeLinksFromLockfile: false

importers:

  .:
    dependencies:
      openai:
        specifier: 7.10.0
        version: 7.10.0
      verifiable-ai-sdk:
        specifier: link:../../js
        version: link:../../js
    devDependencies:
      '@types/node':
        specifier: 24.13.3
        version: 24.13.3
      typescript:
        specifier: 6.0.3
        version: 6.0.3

packages:

  '@types/node@24.13.3':
    resolution: {integrity: sha512-Dh8vAsV36ig5wa9OX4pXvMc9D3Veibfw2wix0CUwYODLD8nkj9UsLjASr49nPg+2eKzxhBV+v7L8pXvT4e639Q==}

  openai@7.10.0:
    resolution: {integrity: sha512-sn9t2Kls7O52PwuF9BUTYNu4Gk/r0lXJyrgaNht4TNRlZFb3dJIGO0RciSgjARGCBRtWjySubAQFJttlzUvGQQ==}
    engines: {node: '>=22.0.0'}
    peerDependencies:
      '@aws-sdk/credential-provider-node': '>=3.972.0 <4'
      '@smithy/hash-node': '>=4.3.0 <5'
      '@smithy/signature-v4': '>=5.4.0 <6'
      undici: '>=5 <9'
      ws: ^8.21.0
      zod: ^3.25 || ^4.0
    peerDependenciesMeta:
      '@aws-sdk/credential-provider-node':
        optional: true
      '@smithy/hash-node':
        optional: true
      '@smithy/signature-v4':
        optional: true
      undici:
        optional: true
      ws:
        optional: true
      zod:
        optional: true

  typescript@6.0.3:
    resolution: {integrity: sha512-y2TvuxSZPDyQakkFRPZHKFm+KKVqIisdg9/CZwm9ftvKXLP8NRWj38/ODjNbr43SsoXqNuAisEf1GdCxqWcdBw==}
    engines: {node: '>=14.17'}
    hasBin: true

  undici-types@7.18.2:
    resolution: {integrity: sha512-AsuCzffGHJybSaRrmr5eHr81mwJU3kjw6M+uprWvCXiNeN9SOGwQ3Jn8jb8m3Z6izVgknn1R0FTCEAP2QrLY/w==}

snapshots:

  '@types/node@24.13.3':
    dependencies:
      undici-types: 7.18.2

  openai@7.10.0: {}

  typescript@6.0.3: {}

  undici-types@7.18.2: {}
